// !$*UTF8*$!
{
	archiveVersion = 1;
	classes = {
	};
	objectVersion = 55;
	objects = {

/* Begin PBXBuildFile section */
		3E10196927AC59D10056E2BA /* APODApp.swift in Sources */ = {isa = PBXBuildFile; fileRef = 3E10196827AC59D10056E2BA /* APODApp.swift */; };
		3E10196B27AC59D10056E2BA /* ContentView.swift in Sources */ = {isa = PBXBuildFile; fileRef = 3E10196A27AC59D10056E2BA /* ContentView.swift */; };
		3E10196D27AC59D20056E2BA /* Assets.xcassets in Resources */ = {isa = PBXBuildFile; fileRef = 3E10196C27AC59D20056E2BA /* Assets.xcassets */; };
		3E10197027AC59D20056E2BA /* Preview Assets.xcassets in Resources */ = {isa = PBXBuildFile; fileRef = 3E10196F27AC59D20056E2BA /* Preview Assets.xcassets */; };
		3E19878C27B2B2DB00A26469 /* WidgetKit.framework in Frameworks */ = {isa = PBXBuildFile; fileRef = 3E19878B27B2B2DB00A26469 /* WidgetKit.framework */; };
		3E19878E27B2B2DB00A26469 /* SwiftUI.framework in Frameworks */ = {isa = PBXBuildFile; fileRef = 3E19878D27B2B2DB00A26469 /* SwiftUI.framework */; };
		3E19879127B2B2DB00A26469 /* APODWidget.swift in Sources */ = {isa = PBXBuildFile; fileRef = 3E19879027B2B2DB00A26469 /* APODWidget.swift */; };
		3E19879427B2B2DC00A26469 /* Assets.xcassets in Resources */ = {isa = PBXBuildFile; fileRef = 3E19879327B2B2DC00A26469 /* Assets.xcassets */; };
		3E19879627B2B2DC00A26469 /* APODWidget.intentdefinition in Sources */ = {isa = PBXBuildFile; fileRef = 3E19879227B2B2DB00A26469 /* APODWidget.intentdefinition */; };
		3E19879727B2B2DC00A26469 /* APODWidget.intentdefinition in Sources */ = {isa = PBXBuildFile; fileRef = 3E19879227B2B2DB00A26469 /* APODWidget.intentdefinition */; };
		3E19879A27B2B2DC00A26469 /* APODWidgetExtension.appex in Embed App Extensions */ = {isa = PBXBuildFile; fileRef = 3E19878A27B2B2DB00A26469 /* APODWidgetExtension.appex */; settings = {ATTRIBUTES = (RemoveHeadersOnCopy, ); }; };
		3E1987A027B2B33E00A26469 /* APODKit in Frameworks */ = {isa = PBXBuildFile; productRef = 3E19879F27B2B33E00A26469 /* APODKit */; };
		3E241BBD27AD42AF0088E1C3 /* APODKit in Frameworks */ = {isa = PBXBuildFile; productRef = 3E241BBC27AD42AF0088E1C3 /* APODKit */; };
		3E30564627B3BC0500FDCD83 /* APODWidgetProvider.swift in Sources */ = {isa = PBXBuildFile; fileRef = 3E30564527B3BC0500FDCD83 /* APODWidgetProvider.swift */; };
		3E53871D27B0496F00CF3907 /* APODInfoView.swift in Sources */ = {isa = PBXBuildFile; fileRef = 3E53871C27B0496F00CF3907 /* APODInfoView.swift */; };
		3E53872027B049D600CF3907 /* APODModel.swift in Sources */ = {isa = PBXBuildFile; fileRef = 3E53871F27B049D600CF3907 /* APODModel.swift */; };
		3EEDD49E27B04F2B005BFACF /* APODAssetView.swift in Sources */ = {isa = PBXBuildFile; fileRef = 3EEDD49D27B04F2B005BFACF /* APODAssetView.swift */; };
		3EEDD4A327B07C14005BFACF /* WebView.swift in Sources */ = {isa = PBXBuildFile; fileRef = 3EEDD4A227B07C14005BFACF /* WebView.swift */; };
/* End PBXBuildFile section */

/* Begin PBXContainerItemProxy section */
		3E19879827B2B2DC00A26469 /* PBXContainerItemProxy */ = {
			isa = PBXContainerItemProxy;
			containerPortal = 3E10195D27AC59D10056E2BA /* Project object */;
			proxyType = 1;
			remoteGlobalIDString = 3E19878927B2B2DB00A26469;
			remoteInfo = APODWidgetExtension;
		};
/* End PBXContainerItemProxy section */

/* Begin PBXCopyFilesBuildPhase section */
		3E19879B27B2B2DC00A26469 /* Embed App Extensions */ = {
			isa = PBXCopyFilesBuildPhase;
			buildActionMask = 2147483647;
			dstPath = "";
			dstSubfolderSpec = 13;
			files = (
				3E19879A27B2B2DC00A26469 /* APODWidgetExtension.appex in Embed App Extensions */,
			);
			name = "Embed App Extensions";
			runOnlyForDeploymentPostprocessing = 0;
		};
/* End PBXCopyFilesBuildPhase section */

/* Begin PBXFileReference section */
		3E10196527AC59D10056E2BA /* APOD.app */ = {isa = PBXFileReference; explicitFileType = wrapper.application; includeInIndex = 0; path = APOD.app; sourceTree = BUILT_PRODUCTS_DIR; };
		3E10196827AC59D10056E2BA /* APODApp.swift */ = {isa = PBXFileReference; lastKnownFileType = sourcecode.swift; path = APODApp.swift; sourceTree = "<group>"; };
		3E10196A27AC59D10056E2BA /* ContentView.swift */ = {isa = PBXFileReference; lastKnownFileType = sourcecode.swift; path = ContentView.swift; sourceTree = "<group>"; };
		3E10196C27AC59D20056E2BA /* Assets.xcassets */ = {isa = PBXFileReference; lastKnownFileType = folder.assetcatalog; path = Assets.xcassets; sourceTree = "<group>"; };
		3E10196F27AC59D20056E2BA /* Preview Assets.xcassets */ = {isa = PBXFileReference; lastKnownFileType = folder.assetcatalog; path = "Preview Assets.xcassets"; sourceTree = "<group>"; };
		3E19878A27B2B2DB00A26469 /* APODWidgetExtension.appex */ = {isa = PBXFileReference; explicitFileType = "wrapper.app-extension"; includeInIndex = 0; path = APODWidgetExtension.appex; sourceTree = BUILT_PRODUCTS_DIR; };
		3E19878B27B2B2DB00A26469 /* WidgetKit.framework */ = {isa = PBXFileReference; lastKnownFileType = wrapper.framework; name = WidgetKit.framework; path = System/Library/Frameworks/WidgetKit.framework; sourceTree = SDKROOT; };
		3E19878D27B2B2DB00A26469 /* SwiftUI.framework */ = {isa = PBXFileReference; lastKnownFileType = wrapper.framework; name = SwiftUI.framework; path = System/Library/Frameworks/SwiftUI.framework; sourceTree = SDKROOT; };
		3E19879027B2B2DB00A26469 /* APODWidget.swift */ = {isa = PBXFileReference; lastKnownFileType = sourcecode.swift; path = APODWidget.swift; sourceTree = "<group>"; };
		3E19879227B2B2DB00A26469 /* APODWidget.intentdefinition */ = {isa = PBXFileReference; lastKnownFileType = file.intentdefinition; path = APODWidget.intentdefinition; sourceTree = "<group>"; };
		3E19879327B2B2DC00A26469 /* Assets.xcassets */ = {isa = PBXFileReference; lastKnownFileType = folder.assetcatalog; path = Assets.xcassets; sourceTree = "<group>"; };
		3E19879527B2B2DC00A26469 /* Info.plist */ = {isa = PBXFileReference; lastKnownFileType = text.plist.xml; path = Info.plist; sourceTree = "<group>"; };
		3E241BBE27ADFD810088E1C3 /* APOD.entitlements */ = {isa = PBXFileReference; lastKnownFileType = text.plist.entitlements; path = APOD.entitlements; sourceTree = "<group>"; };
		3E30564527B3BC0500FDCD83 /* APODWidgetProvider.swift */ = {isa = PBXFileReference; lastKnownFileType = sourcecode.swift; path = APODWidgetProvider.swift; sourceTree = "<group>"; };
		3E53871C27B0496F00CF3907 /* APODInfoView.swift */ = {isa = PBXFileReference; lastKnownFileType = sourcecode.swift; path = APODInfoView.swift; sourceTree = "<group>"; };
		3E53871F27B049D600CF3907 /* APODModel.swift */ = {isa = PBXFileReference; lastKnownFileType = sourcecode.swift; path = APODModel.swift; sourceTree = "<group>"; };
		3EEDD49D27B04F2B005BFACF /* APODAssetView.swift */ = {isa = PBXFileReference; lastKnownFileType = sourcecode.swift; path = APODAssetView.swift; sourceTree = "<group>"; };
		3EEDD4A227B07C14005BFACF /* WebView.swift */ = {isa = PBXFileReference; lastKnownFileType = sourcecode.swift; path = WebView.swift; sourceTree = "<group>"; };
/* End PBXFileReference section */

/* Begin PBXFrameworksBuildPhase section */
		3E10196227AC59D10056E2BA /* Frameworks */ = {
			isa = PBXFrameworksBuildPhase;
			buildActionMask = 2147483647;
			files = (
				3E241BBD27AD42AF0088E1C3 /* APODKit in Frameworks */,
			);
			runOnlyForDeploymentPostprocessing = 0;
		};
		3E19878727B2B2DB00A26469 /* Frameworks */ = {
			isa = PBXFrameworksBuildPhase;
			buildActionMask = 2147483647;
			files = (
				3E1987A027B2B33E00A26469 /* APODKit in Frameworks */,
				3E19878E27B2B2DB00A26469 /* SwiftUI.framework in Frameworks */,
				3E19878C27B2B2DB00A26469 /* WidgetKit.framework in Frameworks */,
			);
			runOnlyForDeploymentPostprocessing = 0;
		};
/* End PBXFrameworksBuildPhase section */

/* Begin PBXGroup section */
		3E10195C27AC59D10056E2BA = {
			isa = PBXGroup;
			children = (
				3E10196727AC59D10056E2BA /* APOD */,
				3E19878F27B2B2DB00A26469 /* APODWidget */,
				3E10196627AC59D10056E2BA /* Products */,
				3E241BBB27AD42AF0088E1C3 /* Frameworks */,
			);
			sourceTree = "<group>";
		};
		3E10196627AC59D10056E2BA /* Products */ = {
			isa = PBXGroup;
			children = (
				3E10196527AC59D10056E2BA /* APOD.app */,
				3E19878A27B2B2DB00A26469 /* APODWidgetExtension.appex */,
			);
			name = Products;
			sourceTree = "<group>";
		};
		3E10196727AC59D10056E2BA /* APOD */ = {
			isa = PBXGroup;
			children = (
				3E241BBE27ADFD810088E1C3 /* APOD.entitlements */,
				3E10196827AC59D10056E2BA /* APODApp.swift */,
				3E53871E27B049B200CF3907 /* Model */,
				3E53871B27B0494500CF3907 /* View */,
				3E10196C27AC59D20056E2BA /* Assets.xcassets */,
				3E10196E27AC59D20056E2BA /* Preview Content */,
			);
			path = APOD;
			sourceTree = "<group>";
		};
		3E10196E27AC59D20056E2BA /* Preview Content */ = {
			isa = PBXGroup;
			children = (
				3E10196F27AC59D20056E2BA /* Preview Assets.xcassets */,
			);
			path = "Preview Content";
			sourceTree = "<group>";
		};
		3E19878F27B2B2DB00A26469 /* APODWidget */ = {
			isa = PBXGroup;
			children = (
				3E19879027B2B2DB00A26469 /* APODWidget.swift */,
				3E30564527B3BC0500FDCD83 /* APODWidgetProvider.swift */,
				3E19879227B2B2DB00A26469 /* APODWidget.intentdefinition */,
				3E19879327B2B2DC00A26469 /* Assets.xcassets */,
				3E19879527B2B2DC00A26469 /* Info.plist */,
			);
			path = APODWidget;
			sourceTree = "<group>";
		};
		3E241BBB27AD42AF0088E1C3 /* Frameworks */ = {
			isa = PBXGroup;
			children = (
				3E19878B27B2B2DB00A26469 /* WidgetKit.framework */,
				3E19878D27B2B2DB00A26469 /* SwiftUI.framework */,
			);
			name = Frameworks;
			sourceTree = "<group>";
		};
		3E53871B27B0494500CF3907 /* View */ = {
			isa = PBXGroup;
			children = (
				3E10196A27AC59D10056E2BA /* ContentView.swift */,
				3E53871C27B0496F00CF3907 /* APODInfoView.swift */,
				3EEDD49D27B04F2B005BFACF /* APODAssetView.swift */,
				3EEDD4A227B07C14005BFACF /* WebView.swift */,
			);
			path = View;
			sourceTree = "<group>";
		};
		3E53871E27B049B200CF3907 /* Model */ = {
			isa = PBXGroup;
			children = (
				3E53871F27B049D600CF3907 /* APODModel.swift */,
			);
			path = Model;
			sourceTree = "<group>";
		};
/* End PBXGroup section */

/* Begin PBXNativeTarget section */
		3E10196427AC59D10056E2BA /* APOD */ = {
			isa = PBXNativeTarget;
			buildConfigurationList = 3E10197327AC59D20056E2BA /* Build configuration list for PBXNativeTarget "APOD" */;
			buildPhases = (
				3E10196127AC59D10056E2BA /* Sources */,
				3E10196227AC59D10056E2BA /* Frameworks */,
				3E10196327AC59D10056E2BA /* Resources */,
				3E19879B27B2B2DC00A26469 /* Embed App Extensions */,
			);
			buildRules = (
			);
			dependencies = (
				3E19879927B2B2DC00A26469 /* PBXTargetDependency */,
			);
			name = APOD;
			packageProductDependencies = (
				3E241BBC27AD42AF0088E1C3 /* APODKit */,
			);
			productName = APOD;
			productReference = 3E10196527AC59D10056E2BA /* APOD.app */;
			productType = "com.apple.product-type.application";
		};
		3E19878927B2B2DB00A26469 /* APODWidgetExtension */ = {
			isa = PBXNativeTarget;
			buildConfigurationList = 3E19879E27B2B2DC00A26469 /* Build configuration list for PBXNativeTarget "APODWidgetExtension" */;
			buildPhases = (
				3E19878627B2B2DB00A26469 /* Sources */,
				3E19878727B2B2DB00A26469 /* Frameworks */,
				3E19878827B2B2DB00A26469 /* Resources */,
			);
			buildRules = (
			);
			dependencies = (
			);
			name = APODWidgetExtension;
			packageProductDependencies = (
				3E19879F27B2B33E00A26469 /* APODKit */,
			);
			productName = APODWidgetExtension;
			productReference = 3E19878A27B2B2DB00A26469 /* APODWidgetExtension.appex */;
			productType = "com.apple.product-type.app-extension";
		};
/* End PBXNativeTarget section */

/* Begin PBXProject section */
		3E10195D27AC59D10056E2BA /* Project object */ = {
			isa = PBXProject;
			attributes = {
				BuildIndependentTargetsInParallel = 1;
				LastSwiftUpdateCheck = 1320;
				LastUpgradeCheck = 1320;
				TargetAttributes = {
					3E10196427AC59D10056E2BA = {
						CreatedOnToolsVersion = 13.2.1;
					};
					3E19878927B2B2DB00A26469 = {
						CreatedOnToolsVersion = 13.2.1;
					};
				};
			};
			buildConfigurationList = 3E10196027AC59D10056E2BA /* Build configuration list for PBXProject "APOD" */;
			compatibilityVersion = "Xcode 13.0";
			developmentRegion = en;
			hasScannedForEncodings = 0;
			knownRegions = (
				en,
				Base,
			);
			mainGroup = 3E10195C27AC59D10056E2BA;
			packageReferences = (
			);
			productRefGroup = 3E10196627AC59D10056E2BA /* Products */;
			projectDirPath = "";
			projectRoot = "";
			targets = (
				3E10196427AC59D10056E2BA /* APOD */,
				3E19878927B2B2DB00A26469 /* APODWidgetExtension */,
			);
		};
/* End PBXProject section */

/* Begin PBXResourcesBuildPhase section */
		3E10196327AC59D10056E2BA /* Resources */ = {
			isa = PBXResourcesBuildPhase;
			buildActionMask = 2147483647;
			files = (
				3E10197027AC59D20056E2BA /* Preview Assets.xcassets in Resources */,
				3E10196D27AC59D20056E2BA /* Assets.xcassets in Resources */,
			);
			runOnlyForDeploymentPostprocessing = 0;
		};
		3E19878827B2B2DB00A26469 /* Resources */ = {
			isa = PBXResourcesBuildPhase;
			buildActionMask = 2147483647;
			files = (
				3E19879427B2B2DC00A26469 /* Assets.xcassets in Resources */,
			);
			runOnlyForDeploymentPostprocessing = 0;
		};
/* End PBXResourcesBuildPhase section */

/* Begin PBXSourcesBuildPhase section */
		3E10196127AC59D10056E2BA /* Sources */ = {
			isa = PBXSourcesBuildPhase;
			buildActionMask = 2147483647;
			files = (
				3E19879727B2B2DC00A26469 /* APODWidget.intentdefinition in Sources */,
				3E53871D27B0496F00CF3907 /* APODInfoView.swift in Sources */,
				3EEDD49E27B04F2B005BFACF /* APODAssetView.swift in Sources */,
				3E53872027B049D600CF3907 /* APODModel.swift in Sources */,
				3EEDD4A327B07C14005BFACF /* WebView.swift in Sources */,
				3E10196B27AC59D10056E2BA /* ContentView.swift in Sources */,
				3E10196927AC59D10056E2BA /* APODApp.swift in Sources */,
			);
			runOnlyForDeploymentPostprocessing = 0;
		};
		3E19878627B2B2DB00A26469 /* Sources */ = {
			isa = PBXSourcesBuildPhase;
			buildActionMask = 2147483647;
			files = (
				3E19879627B2B2DC00A26469 /* APODWidget.intentdefinition in Sources */,
				3E19879127B2B2DB00A26469 /* APODWidget.swift in Sources */,
				3E30564627B3BC0500FDCD83 /* APODWidgetProvider.swift in Sources */,
			);
			runOnlyForDeploymentPostprocessing = 0;
		};
/* End PBXSourcesBuildPhase section */

/* Begin PBXTargetDependency section */
		3E19879927B2B2DC00A26469 /* PBXTargetDependency */ = {
			isa = PBXTargetDependency;
			target = 3E19878927B2B2DB00A26469 /* APODWidgetExtension */;
			targetProxy = 3E19879827B2B2DC00A26469 /* PBXContainerItemProxy */;
		};
/* End PBXTargetDependency section */

/* Begin XCBuildConfiguration section */
		3E10197127AC59D20056E2BA /* Debug */ = {
			isa = XCBuildConfiguration;
			buildSettings = {
				ALWAYS_SEARCH_USER_PATHS = NO;
				CLANG_ANALYZER_NONNULL = YES;
				CLANG_ANALYZER_NUMBER_OBJECT_CONVERSION = YES_AGGRESSIVE;
				CLANG_CXX_LANGUAGE_STANDARD = "gnu++17";
				CLANG_CXX_LIBRARY = "libc++";
				CLANG_ENABLE_MODULES = YES;
				CLANG_ENABLE_OBJC_ARC = YES;
				CLANG_ENABLE_OBJC_WEAK = YES;
				CLANG_WARN_BLOCK_CAPTURE_AUTORELEASING = YES;
				CLANG_WARN_BOOL_CONVERSION = YES;
				CLANG_WARN_COMMA = YES;
				CLANG_WARN_CONSTANT_CONVERSION = YES;
				CLANG_WARN_DEPRECATED_OBJC_IMPLEMENTATIONS = YES;
				CLANG_WARN_DIRECT_OBJC_ISA_USAGE = YES_ERROR;
				CLANG_WARN_DOCUMENTATION_COMMENTS = YES;
				CLANG_WARN_EMPTY_BODY = YES;
				CLANG_WARN_ENUM_CONVERSION = YES;
				CLANG_WARN_INFINITE_RECURSION = YES;
				CLANG_WARN_INT_CONVERSION = YES;
				CLANG_WARN_NON_LITERAL_NULL_CONVERSION = YES;
				CLANG_WARN_OBJC_IMPLICIT_RETAIN_SELF = YES;
				CLANG_WARN_OBJC_LITERAL_CONVERSION = YES;
				CLANG_WARN_OBJC_ROOT_CLASS = YES_ERROR;
				CLANG_WARN_QUOTED_INCLUDE_IN_FRAMEWORK_HEADER = YES;
				CLANG_WARN_RANGE_LOOP_ANALYSIS = YES;
				CLANG_WARN_STRICT_PROTOTYPES = YES;
				CLANG_WARN_SUSPICIOUS_MOVE = YES;
				CLANG_WARN_UNGUARDED_AVAILABILITY = YES_AGGRESSIVE;
				CLANG_WARN_UNREACHABLE_CODE = YES;
				CLANG_WARN__DUPLICATE_METHOD_MATCH = YES;
				COPY_PHASE_STRIP = NO;
				DEBUG_INFORMATION_FORMAT = dwarf;
				ENABLE_STRICT_OBJC_MSGSEND = YES;
				ENABLE_TESTABILITY = YES;
				GCC_C_LANGUAGE_STANDARD = gnu11;
				GCC_DYNAMIC_NO_PIC = NO;
				GCC_NO_COMMON_BLOCKS = YES;
				GCC_OPTIMIZATION_LEVEL = 0;
				GCC_PREPROCESSOR_DEFINITIONS = (
					"DEBUG=1",
					"$(inherited)",
				);
				GCC_WARN_64_TO_32_BIT_CONVERSION = YES;
				GCC_WARN_ABOUT_RETURN_TYPE = YES_ERROR;
				GCC_WARN_UNDECLARED_SELECTOR = YES;
				GCC_WARN_UNINITIALIZED_AUTOS = YES_AGGRESSIVE;
				GCC_WARN_UNUSED_FUNCTION = YES;
				GCC_WARN_UNUSED_VARIABLE = YES;
				IPHONEOS_DEPLOYMENT_TARGET = 15.2;
				MTL_ENABLE_DEBUG_INFO = INCLUDE_SOURCE;
				MTL_FAST_MATH = YES;
				ONLY_ACTIVE_ARCH = YES;
				SDKROOT = iphoneos;
				SWIFT_ACTIVE_COMPILATION_CONDITIONS = DEBUG;
				SWIFT_OPTIMIZATION_LEVEL = "-Onone";
			};
			name = Debug;
		};
		3E10197227AC59D20056E2BA /* Release */ = {
			isa = XCBuildConfiguration;
			buildSettings = {
				ALWAYS_SEARCH_USER_PATHS = NO;
				CLANG_ANALYZER_NONNULL = YES;
				CLANG_ANALYZER_NUMBER_OBJECT_CONVERSION = YES_AGGRESSIVE;
				CLANG_CXX_LANGUAGE_STANDARD = "gnu++17";
				CLANG_CXX_LIBRARY = "libc++";
				CLANG_ENABLE_MODULES = YES;
				CLANG_ENABLE_OBJC_ARC = YES;
				CLANG_ENABLE_OBJC_WEAK = YES;
				CLANG_WARN_BLOCK_CAPTURE_AUTORELEASING = YES;
				CLANG_WARN_BOOL_CONVERSION = YES;
				CLANG_WARN_COMMA = YES;
				CLANG_WARN_CONSTANT_CONVERSION = YES;
				CLANG_WARN_DEPRECATED_OBJC_IMPLEMENTATIONS = YES;
				CLANG_WARN_DIRECT_OBJC_ISA_USAGE = YES_ERROR;
				CLANG_WARN_DOCUMENTATION_COMMENTS = YES;
				CLANG_WARN_EMPTY_BODY = YES;
				CLANG_WARN_ENUM_CONVERSION = YES;
				CLANG_WARN_INFINITE_RECURSION = YES;
				CLANG_WARN_INT_CONVERSION = YES;
				CLANG_WARN_NON_LITERAL_NULL_CONVERSION = YES;
				CLANG_WARN_OBJC_IMPLICIT_RETAIN_SELF = YES;
				CLANG_WARN_OBJC_LITERAL_CONVERSION = YES;
				CLANG_WARN_OBJC_ROOT_CLASS = YES_ERROR;
				CLANG_WARN_QUOTED_INCLUDE_IN_FRAMEWORK_HEADER = YES;
				CLANG_WARN_RANGE_LOOP_ANALYSIS = YES;
				CLANG_WARN_STRICT_PROTOTYPES = YES;
				CLANG_WARN_SUSPICIOUS_MOVE = YES;
				CLANG_WARN_UNGUARDED_AVAILABILITY = YES_AGGRESSIVE;
				CLANG_WARN_UNREACHABLE_CODE = YES;
				CLANG_WARN__DUPLICATE_METHOD_MATCH = YES;
				COPY_PHASE_STRIP = NO;
				DEBUG_INFORMATION_FORMAT = "dwarf-with-dsym";
				ENABLE_NS_ASSERTIONS = NO;
				ENABLE_STRICT_OBJC_MSGSEND = YES;
				GCC_C_LANGUAGE_STANDARD = gnu11;
				GCC_NO_COMMON_BLOCKS = YES;
				GCC_WARN_64_TO_32_BIT_CONVERSION = YES;
				GCC_WARN_ABOUT_RETURN_TYPE = YES_ERROR;
				GCC_WARN_UNDECLARED_SELECTOR = YES;
				GCC_WARN_UNINITIALIZED_AUTOS = YES_AGGRESSIVE;
				GCC_WARN_UNUSED_FUNCTION = YES;
				GCC_WARN_UNUSED_VARIABLE = YES;
				IPHONEOS_DEPLOYMENT_TARGET = 15.2;
				MTL_ENABLE_DEBUG_INFO = NO;
				MTL_FAST_MATH = YES;
				SDKROOT = iphoneos;
				SWIFT_COMPILATION_MODE = wholemodule;
				SWIFT_OPTIMIZATION_LEVEL = "-O";
				VALIDATE_PRODUCT = YES;
			};
			name = Release;
		};
		3E10197427AC59D20056E2BA /* Debug */ = {
			isa = XCBuildConfiguration;
			buildSettings = {
				ALWAYS_EMBED_SWIFT_STANDARD_LIBRARIES = YES;
				ASSETCATALOG_COMPILER_APPICON_NAME = AppIcon;
				ASSETCATALOG_COMPILER_GLOBAL_ACCENT_COLOR_NAME = AccentColor;
				CODE_SIGN_ENTITLEMENTS = APOD/APOD.entitlements;
				CODE_SIGN_STYLE = Automatic;
				CURRENT_PROJECT_VERSION = 1;
				DEVELOPMENT_ASSET_PATHS = "\"APOD/Preview Content\"";
				DEVELOPMENT_TEAM = H942H22VLH;
				ENABLE_PREVIEWS = YES;
				GENERATE_INFOPLIST_FILE = YES;
				INFOPLIST_KEY_UIApplicationSceneManifest_Generation = YES;
				INFOPLIST_KEY_UIApplicationSupportsIndirectInputEvents = YES;
				INFOPLIST_KEY_UILaunchScreen_Generation = YES;
				INFOPLIST_KEY_UISupportedInterfaceOrientations_iPad = "UIInterfaceOrientationPortrait UIInterfaceOrientationPortraitUpsideDown UIInterfaceOrientationLandscapeLeft UIInterfaceOrientationLandscapeRight";
				INFOPLIST_KEY_UISupportedInterfaceOrientations_iPhone = "UIInterfaceOrientationPortrait UIInterfaceOrientationLandscapeLeft UIInterfaceOrientationLandscapeRight";
				IPHONEOS_DEPLOYMENT_TARGET = 14.0;
				LD_RUNPATH_SEARCH_PATHS = (
					"$(inherited)",
					"@executable_path/Frameworks",
				);
				MARKETING_VERSION = 1.0;
				PRODUCT_BUNDLE_IDENTIFIER = me.mikerobinson.dev.APOD;
				PRODUCT_NAME = "$(TARGET_NAME)";
				SWIFT_EMIT_LOC_STRINGS = YES;
				SWIFT_VERSION = 5.0;
				TARGETED_DEVICE_FAMILY = "1,2";
			};
			name = Debug;
		};
		3E10197527AC59D20056E2BA /* Release */ = {
			isa = XCBuildConfiguration;
			buildSettings = {
				ALWAYS_EMBED_SWIFT_STANDARD_LIBRARIES = YES;
				ASSETCATALOG_COMPILER_APPICON_NAME = AppIcon;
				ASSETCATALOG_COMPILER_GLOBAL_ACCENT_COLOR_NAME = AccentColor;
				CODE_SIGN_ENTITLEMENTS = APOD/APOD.entitlements;
				CODE_SIGN_STYLE = Automatic;
				CURRENT_PROJECT_VERSION = 1;
				DEVELOPMENT_ASSET_PATHS = "\"APOD/Preview Content\"";
				DEVELOPMENT_TEAM = H942H22VLH;
				ENABLE_PREVIEWS = YES;
				GENERATE_INFOPLIST_FILE = YES;
				INFOPLIST_KEY_UIApplicationSceneManifest_Generation = YES;
				INFOPLIST_KEY_UIApplicationSupportsIndirectInputEvents = YES;
				INFOPLIST_KEY_UILaunchScreen_Generation = YES;
				INFOPLIST_KEY_UISupportedInterfaceOrientations_iPad = "UIInterfaceOrientationPortrait UIInterfaceOrientationPortraitUpsideDown UIInterfaceOrientationLandscapeLeft UIInterfaceOrientationLandscapeRight";
				INFOPLIST_KEY_UISupportedInterfaceOrientations_iPhone = "UIInterfaceOrientationPortrait UIInterfaceOrientationLandscapeLeft UIInterfaceOrientationLandscapeRight";
				IPHONEOS_DEPLOYMENT_TARGET = 14.0;
				LD_RUNPATH_SEARCH_PATHS = (
					"$(inherited)",
					"@executable_path/Frameworks",
				);
				MARKETING_VERSION = 1.0;
				PRODUCT_BUNDLE_IDENTIFIER = me.mikerobinson.dev.APOD;
				PRODUCT_NAME = "$(TARGET_NAME)";
				SWIFT_EMIT_LOC_STRINGS = YES;
				SWIFT_VERSION = 5.0;
				TARGETED_DEVICE_FAMILY = "1,2";
			};
			name = Release;
		};
		3E19879C27B2B2DC00A26469 /* Debug */ = {
			isa = XCBuildConfiguration;
			buildSettings = {
				ASSETCATALOG_COMPILER_GLOBAL_ACCENT_COLOR_NAME = AccentColor;
				ASSETCATALOG_COMPILER_WIDGET_BACKGROUND_COLOR_NAME = WidgetBackground;
				CODE_SIGN_STYLE = Automatic;
				CURRENT_PROJECT_VERSION = 1;
				DEVELOPMENT_TEAM = H942H22VLH;
				GENERATE_INFOPLIST_FILE = YES;
				INFOPLIST_FILE = APODWidget/Info.plist;
				INFOPLIST_KEY_CFBundleDisplayName = APODWidget;
				INFOPLIST_KEY_NSHumanReadableCopyright = "";
				LD_RUNPATH_SEARCH_PATHS = (
					"$(inherited)",
					"@executable_path/Frameworks",
					"@executable_path/../../Frameworks",
				);
				MARKETING_VERSION = 1.0;
				PRODUCT_BUNDLE_IDENTIFIER = me.mikerobinson.dev.APOD.APODWidget;
				PRODUCT_NAME = "$(TARGET_NAME)";
				SKIP_INSTALL = YES;
				SWIFT_EMIT_LOC_STRINGS = YES;
				SWIFT_VERSION = 5.0;
				TARGETED_DEVICE_FAMILY = "1,2";
			};
			name = Debug;
		};
		3E19879D27B2B2DC00A26469 /* Release */ = {
			isa = XCBuildConfiguration;
			buildSettings = {
				ASSETCATALOG_COMPILER_GLOBAL_ACCENT_COLOR_NAME = AccentColor;
				ASSETCATALOG_COMPILER_WIDGET_BACKGROUND_COLOR_NAME = WidgetBackground;
				CODE_SIGN_STYLE = Automatic;
				CURRENT_PROJECT_VERSION = 1;
				DEVELOPMENT_TEAM = H942H22VLH;
				GENERATE_INFOPLIST_FILE = YES;
				INFOPLIST_FILE = APODWidget/Info.plist;
				INFOPLIST_KEY_CFBundleDisplayName = APODWidget;
				INFOPLIST_KEY_NSHumanReadableCopyright = "";
				LD_RUNPATH_SEARCH_PATHS = (
					"$(inherited)",
					"@executable_path/Frameworks",
					"@executable_path/../../Frameworks",
				);
				MARKETING_VERSION = 1.0;
				PRODUCT_BUNDLE_IDENTIFIER = me.mikerobinson.dev.APOD.APODWidget;
				PRODUCT_NAME = "$(TARGET_NAME)";
				SKIP_INSTALL = YES;
				SWIFT_EMIT_LOC_STRINGS = YES;
				SWIFT_VERSION = 5.0;
				TARGETED_DEVICE_FAMILY = "1,2";
			};
			name = Release;
		};
/* End XCBuildConfiguration section */

/* Begin XCConfigurationList section */
		3E10196027AC59D10056E2BA /* Build configuration list for PBXProject "APOD" */ = {
			isa = XCConfigurationList;
			buildConfigurations = (
				3E10197127AC59D20056E2BA /* Debug */,
				3E10197227AC59D20056E2BA /* Release */,
			);
			defaultConfigurationIsVisible = 0;
			defaultConfigurationName = Release;
		};
		3E10197327AC59D20056E2BA /* Build configuration list for PBXNativeTarget "APOD" */ = {
			isa = XCConfigurationList;
			buildConfigurations = (
				3E10197427AC59D20056E2BA /* Debug */,
				3E10197527AC59D20056E2BA /* Release */,
			);
			defaultConfigurationIsVisible = 0;
			defaultConfigurationName = Release;
		};
		3E19879E27B2B2DC00A26469 /* Build configuration list for PBXNativeTarget "APODWidgetExtension" */ = {
			isa = XCConfigurationList;
			buildConfigurations = (
				3E19879C27B2B2DC00A26469 /* Debug */,
				3E19879D27B2B2DC00A26469 /* Release */,
			);
			defaultConfigurationIsVisible = 0;
			defaultConfigurationName = Release;
		};
/* End XCConfigurationList section */

/* Begin XCSwiftPackageProductDependency section */
		3E19879F27B2B33E00A26469 /* APODKit */ = {
			isa = XCSwiftPackageProductDependency;
			productName = APODKit;
		};
		3E241BBC27AD42AF0088E1C3 /* APODKit */ = {
			isa = XCSwiftPackageProductDependency;
			productName = APODKit;
		};
/* End XCSwiftPackageProductDependency section */
	};
	rootObject = 3E10195D27AC59D10056E2BA /* Project object */;
}
